Microsoft Visual Studio Solution File, Format Version 12.00
# Visual Studio Version 17
VisualStudioVersion = 17.5.2.0
MinimumVisualStudioVersion = 10.0.40219.1
Project("{FAE04EC0-301F-11D3-BF4B-00C04F79EFBC}") = "ProductProfileForm", "ProductProfileForm.csproj", "{8D74BE63-8279-CDC9-DED4-C88E7071915B}"
EndProject
Global
	GlobalSection(SolutionConfigurationPlatforms) = preSolution
		Debug|Any CPU = Debug|Any CPU
		Release|Any CPU = Release|Any CPU
	EndGlobalSection
	GlobalSection(ProjectConfigurationPlatforms) = postSolution
		{8D74BE63-8279-CDC9-DED4-C88E7071915B}.Debug|Any CPU.ActiveCfg = Debug|Any CPU
		{8D74BE63-8279-CDC9-DED4-C88E7071915B}.Debug|Any CPU.Build.0 = Debug|Any CPU
		{8D74BE63-8279-CDC9-DED4-C88E7071915B}.Release|Any CPU.ActiveCfg = Release|Any CPU
		{8D74BE63-8279-CDC9-DED4-C88E7071915B}.Release|Any CPU.Build.0 = Release|Any CPU
	EndGlobalSection
	GlobalSection(SolutionProperties) = preSolution
		HideSolutionNode = FALSE
	EndGlobalSection
	GlobalSection(ExtensibilityGlobals) = postSolution
		SolutionGuid = {84332105-BDC3-4B3C-AD0A-B644BC4EB8CB}
	EndGlobalSection
EndGlobal
